
Microsoft Visual Studio Solution File, Format Version 12.00
# Visual Studio 15
VisualStudioVersion = 15.0.26430.14
MinimumVisualStudioVersion = 10.0.40219.1
Project("{FAE04EC0-301F-11D3-BF4B-00C04F79EFBC}") = "MONDPHDemoApp.Android", "MONDPHDemoApp\MONDPHDemoApp.Android\MONDPHDemoApp.Android.csproj", "{FF2F7705-5178-4C03-AACE-1BB3917FCF28}"
EndProject
Project("{FAE04EC0-301F-11D3-BF4B-00C04F79EFBC}") = "MONDPHDemoApp", "MONDPHDemoApp\MONDPHDemoApp\MONDPHDemoApp.csproj", "{356598DC-BB9A-4C37-92BB-FCECFD3DC0F6}"
EndProject
Project("{FAE04EC0-301F-11D3-BF4B-00C04F79EFBC}") = "MONDPHDemoApp.UWP", "MONDPHDemoApp\MONDPHDemoApp.UWP\MONDPHDemoApp.UWP.csproj", "{2C8B73D1-2992-491A-9BBD-D7502DDD0B81}"
EndProject
Project("{FAE04EC0-301F-11D3-BF4B-00C04F79EFBC}") = "MONDPHDemoApp.iOS", "MONDPHDemoApp\MONDPHDemoApp.iOS\MONDPHDemoApp.iOS.csproj", "{48F0EE8B-1977-41C3-954B-4E0999490FDC}"
EndProject
Global
	GlobalSection(SolutionConfigurationPlatforms) = preSolution
		Ad-Hoc|Any CPU = Ad-Hoc|Any CPU
		Ad-Hoc|ARM = Ad-Hoc|ARM
		Ad-Hoc|iPhone = Ad-Hoc|iPhone
		Ad-Hoc|iPhoneSimulator = Ad-Hoc|iPhoneSimulator
		Ad-Hoc|x64 = Ad-Hoc|x64
		Ad-Hoc|x86 = Ad-Hoc|x86
		AppStore|Any CPU = AppStore|Any CPU
		AppStore|ARM = AppStore|ARM
		AppStore|iPhone = AppStore|iPhone
		AppStore|iPhoneSimulator = AppStore|iPhoneSimulator
		AppStore|x64 = AppStore|x64
		AppStore|x86 = AppStore|x86
		Debug|Any CPU = Debug|Any CPU
		Debug|ARM = Debug|ARM
		Debug|iPhone = Debug|iPhone
		Debug|iPhoneSimulator = Debug|iPhoneSimulator
		Debug|x64 = Debug|x64
		Debug|x86 = Debug|x86
		Release|Any CPU = Release|Any CPU
		Release|ARM = Release|ARM
		Release|iPhone = Release|iPhone
		Release|iPhoneSimulator = Release|iPhoneSimulator
		Release|x64 = Release|x64
		Release|x86 = Release|x86
	EndGlobalSection
	GlobalSection(ProjectConfigurationPlatforms) = postSolution
		{FF2F7705-5178-4C03-AACE-1BB3917FCF28}.Ad-Hoc|Any CPU.ActiveCfg = Release|Any CPU
		{FF2F7705-5178-4C03-AACE-1BB3917FCF28}.Ad-Hoc|Any CPU.Build.0 = Release|Any CPU
		{FF2F7705-5178-4C03-AACE-1BB3917FCF28}.Ad-Hoc|Any CPU.Deploy.0 = Release|Any CPU
		{FF2F7705-5178-4C03-AACE-1BB3917FCF28}.Ad-Hoc|ARM.ActiveCfg = Release|Any CPU
		{FF2F7705-5178-4C03-AACE-1BB3917FCF28}.Ad-Hoc|ARM.Build.0 = Release|Any CPU
		{FF2F7705-5178-4C03-AACE-1BB3917FCF28}.Ad-Hoc|ARM.Deploy.0 = Release|Any CPU
		{FF2F7705-5178-4C03-AACE-1BB3917FCF28}.Ad-Hoc|iPhone.ActiveCfg = Release|Any CPU
		{FF2F7705-5178-4C03-AACE-1BB3917FCF28}.Ad-Hoc|iPhone.Build.0 = Release|Any CPU
		{FF2F7705-5178-4C03-AACE-1BB3917FCF28}.Ad-Hoc|iPhone.Deploy.0 = Release|Any CPU
		{FF2F7705-5178-4C03-AACE-1BB3917FCF28}.Ad-Hoc|iPhoneSimulator.ActiveCfg = Release|Any CPU
		{FF2F7705-5178-4C03-AACE-1BB3917FCF28}.Ad-Hoc|iPhoneSimulator.Build.0 = Release|Any CPU
		{FF2F7705-5178-4C03-AACE-1BB3917FCF28}.Ad-Hoc|iPhoneSimulator.Deploy.0 = Release|Any CPU
		{FF2F7705-5178-4C03-AACE-1BB3917FCF28}.Ad-Hoc|x64.ActiveCfg = Release|Any CPU
		{FF2F7705-5178-4C03-AACE-1BB3917FCF28}.Ad-Hoc|x64.Build.0 = Release|Any CPU
		{FF2F7705-5178-4C03-AACE-1BB3917FCF28}.Ad-Hoc|x64.Deploy.0 = Release|Any CPU
		{FF2F7705-5178-4C03-AACE-1BB3917FCF28}.Ad-Hoc|x86.ActiveCfg = Release|Any CPU
		{FF2F7705-5178-4C03-AACE-1BB3917FCF28}.Ad-Hoc|x86.Build.0 = Release|Any CPU
		{FF2F7705-5178-4C03-AACE-1BB3917FCF28}.Ad-Hoc|x86.Deploy.0 = Release|Any CPU
		{FF2F7705-5178-4C03-AACE-1BB3917FCF28}.AppStore|Any CPU.ActiveCfg = Release|Any CPU
		{FF2F7705-5178-4C03-AACE-1BB3917FCF28}.AppStore|Any CPU.Build.0 = Release|Any CPU
		{FF2F7705-5178-4C03-AACE-1BB3917FCF28}.AppStore|Any CPU.Deploy.0 = Release|Any CPU
		{FF2F7705-5178-4C03-AACE-1BB3917FCF28}.AppStore|ARM.ActiveCfg = Release|Any CPU
		{FF2F7705-5178-4C03-AACE-1BB3917FCF28}.AppStore|ARM.Build.0 = Release|Any CPU
		{FF2F7705-5178-4C03-AACE-1BB3917FCF28}.AppStore|ARM.Deploy.0 = Release|Any CPU
		{FF2F7705-5178-4C03-AACE-1BB3917FCF28}.AppStore|iPhone.ActiveCfg = Release|Any CPU
		{FF2F7705-5178-4C03-AACE-1BB3917FCF28}.AppStore|iPhone.Build.0 = Release|Any CPU
		{FF2F7705-5178-4C03-AACE-1BB3917FCF28}.AppStore|iPhone.Deploy.0 = Release|Any CPU
		{FF2F7705-5178-4C03-AACE-1BB3917FCF28}.AppStore|iPhoneSimulator.ActiveCfg = Release|Any CPU
		{FF2F7705-5178-4C03-AACE-1BB3917FCF28}.AppStore|iPhoneSimulator.Build.0 = Release|Any CPU
		{FF2F7705-5178-4C03-AACE-1BB3917FCF28}.AppStore|iPhoneSimulator.Deploy.0 = Release|Any CPU
		{FF2F7705-5178-4C03-AACE-1BB3917FCF28}.AppStore|x64.ActiveCfg = Release|Any CPU
		{FF2F7705-5178-4C03-AACE-1BB3917FCF28}.AppStore|x64.Build.0 = Release|Any CPU
		{FF2F7705-5178-4C03-AACE-1BB3917FCF28}.AppStore|x64.Deploy.0 = Release|Any CPU
		{FF2F7705-5178-4C03-AACE-1BB3917FCF28}.AppStore|x86.ActiveCfg = Release|Any CPU
		{FF2F7705-5178-4C03-AACE-1BB3917FCF28}.AppStore|x86.Build.0 = Release|Any CPU
		{FF2F7705-5178-4C03-AACE-1BB3917FCF28}.AppStore|x86.Deploy.0 = Release|Any CPU
		{FF2F7705-5178-4C03-AACE-1BB3917FCF28}.Debug|Any CPU.ActiveCfg = Debug|Any CPU
		{FF2F7705-5178-4C03-AACE-1BB3917FCF28}.Debug|Any CPU.Build.0 = Debug|Any CPU
		{FF2F7705-5178-4C03-AACE-1BB3917FCF28}.Debug|Any CPU.Deploy.0 = Debug|Any CPU
		{FF2F7705-5178-4C03-AACE-1BB3917FCF28}.Debug|ARM.ActiveCfg = Debug|Any CPU
		{FF2F7705-5178-4C03-AACE-1BB3917FCF28}.Debug|ARM.Build.0 = Debug|Any CPU
		{FF2F7705-5178-4C03-AACE-1BB3917FCF28}.Debug|ARM.Deploy.0 = Debug|Any CPU
		{FF2F7705-5178-4C03-AACE-1BB3917FCF28}.Debug|iPhone.ActiveCfg = Debug|Any CPU
		{FF2F7705-5178-4C03-AACE-1BB3917FCF28}.Debug|iPhone.Build.0 = Debug|Any CPU
		{FF2F7705-5178-4C03-AACE-1BB3917FCF28}.Debug|iPhone.Deploy.0 = Debug|Any CPU
		{FF2F7705-5178-4C03-AACE-1BB3917FCF28}.Debug|iPhoneSimulator.ActiveCfg = Debug|Any CPU
		{FF2F7705-5178-4C03-AACE-1BB3917FCF28}.Debug|iPhoneSimulator.Build.0 = Debug|Any CPU
		{FF2F7705-5178-4C03-AACE-1BB3917FCF28}.Debug|iPhoneSimulator.Deploy.0 = Debug|Any CPU
		{FF2F7705-5178-4C03-AACE-1BB3917FCF28}.Debug|x64.ActiveCfg = Debug|Any CPU
		{FF2F7705-5178-4C03-AACE-1BB3917FCF28}.Debug|x64.Build.0 = Debug|Any CPU
		{FF2F7705-5178-4C03-AACE-1BB3917FCF28}.Debug|x64.Deploy.0 = Debug|Any CPU
		{FF2F7705-5178-4C03-AACE-1BB3917FCF28}.Debug|x86.ActiveCfg = Debug|Any CPU
		{FF2F7705-5178-4C03-AACE-1BB3917FCF28}.Debug|x86.Build.0 = Debug|Any CPU
		{FF2F7705-5178-4C03-AACE-1BB3917FCF28}.Debug|x86.Deploy.0 = Debug|Any CPU
		{FF2F7705-5178-4C03-AACE-1BB3917FCF28}.Release|Any CPU.ActiveCfg = Release|Any CPU
		{FF2F7705-5178-4C03-AACE-1BB3917FCF28}.Release|Any CPU.Build.0 = Release|Any CPU
		{FF2F7705-5178-4C03-AACE-1BB3917FCF28}.Release|Any CPU.Deploy.0 = Release|Any CPU
		{FF2F7705-5178-4C03-AACE-1BB3917FCF28}.Release|ARM.ActiveCfg = Release|Any CPU
		{FF2F7705-5178-4C03-AACE-1BB3917FCF28}.Release|ARM.Build.0 = Release|Any CPU
		{FF2F7705-5178-4C03-AACE-1BB3917FCF28}.Release|ARM.Deploy.0 = Release|Any CPU
		{FF2F7705-5178-4C03-AACE-1BB3917FCF28}.Release|iPhone.ActiveCfg = Release|Any CPU
		{FF2F7705-5178-4C03-AACE-1BB3917FCF28}.Release|iPhone.Build.0 = Release|Any CPU
		{FF2F7705-5178-4C03-AACE-1BB3917FCF28}.Release|iPhone.Deploy.0 = Release|Any CPU
		{FF2F7705-5178-4C03-AACE-1BB3917FCF28}.Release|iPhoneSimulator.ActiveCfg = Release|Any CPU
		{FF2F7705-5178-4C03-AACE-1BB3917FCF28}.Release|iPhoneSimulator.Build.0 = Release|Any CPU
		{FF2F7705-5178-4C03-AACE-1BB3917FCF28}.Release|iPhoneSimulator.Deploy.0 = Release|Any CPU
		{FF2F7705-5178-4C03-AACE-1BB3917FCF28}.Release|x64.ActiveCfg = Release|Any CPU
		{FF2F7705-5178-4C03-AACE-1BB3917FCF28}.Release|x64.Build.0 = Release|Any CPU
		{FF2F7705-5178-4C03-AACE-1BB3917FCF28}.Release|x64.Deploy.0 = Release|Any CPU
		{FF2F7705-5178-4C03-AACE-1BB3917FCF28}.Release|x86.ActiveCfg = Release|Any CPU
		{FF2F7705-5178-4C03-AACE-1BB3917FCF28}.Release|x86.Build.0 = Release|Any CPU
		{FF2F7705-5178-4C03-AACE-1BB3917FCF28}.Release|x86.Deploy.0 = Release|Any CPU
		{356598DC-BB9A-4C37-92BB-FCECFD3DC0F6}.Ad-Hoc|Any CPU.ActiveCfg = Release|Any CPU
		{356598DC-BB9A-4C37-92BB-FCECFD3DC0F6}.Ad-Hoc|Any CPU.Build.0 = Release|Any CPU
		{356598DC-BB9A-4C37-92BB-FCECFD3DC0F6}.Ad-Hoc|ARM.ActiveCfg = Release|Any CPU
		{356598DC-BB9A-4C37-92BB-FCECFD3DC0F6}.Ad-Hoc|ARM.Build.0 = Release|Any CPU
		{356598DC-BB9A-4C37-92BB-FCECFD3DC0F6}.Ad-Hoc|iPhone.ActiveCfg = Release|Any CPU
		{356598DC-BB9A-4C37-92BB-FCECFD3DC0F6}.Ad-Hoc|iPhone.Build.0 = Release|Any CPU
		{356598DC-BB9A-4C37-92BB-FCECFD3DC0F6}.Ad-Hoc|iPhoneSimulator.ActiveCfg = Release|Any CPU
		{356598DC-BB9A-4C37-92BB-FCECFD3DC0F6}.Ad-Hoc|iPhoneSimulator.Build.0 = Release|Any CPU
		{356598DC-BB9A-4C37-92BB-FCECFD3DC0F6}.Ad-Hoc|x64.ActiveCfg = Release|Any CPU
		{356598DC-BB9A-4C37-92BB-FCECFD3DC0F6}.Ad-Hoc|x64.Build.0 = Release|Any CPU
		{356598DC-BB9A-4C37-92BB-FCECFD3DC0F6}.Ad-Hoc|x86.ActiveCfg = Release|Any CPU
		{356598DC-BB9A-4C37-92BB-FCECFD3DC0F6}.Ad-Hoc|x86.Build.0 = Release|Any CPU
		{356598DC-BB9A-4C37-92BB-FCECFD3DC0F6}.AppStore|Any CPU.ActiveCfg = Release|Any CPU
		{356598DC-BB9A-4C37-92BB-FCECFD3DC0F6}.AppStore|Any CPU.Build.0 = Release|Any CPU
		{356598DC-BB9A-4C37-92BB-FCECFD3DC0F6}.AppStore|ARM.ActiveCfg = Release|Any CPU
		{356598DC-BB9A-4C37-92BB-FCECFD3DC0F6}.AppStore|ARM.Build.0 = Release|Any CPU
		{356598DC-BB9A-4C37-92BB-FCECFD3DC0F6}.AppStore|iPhone.ActiveCfg = Release|Any CPU
		{356598DC-BB9A-4C37-92BB-FCECFD3DC0F6}.AppStore|iPhone.Build.0 = Release|Any CPU
		{356598DC-BB9A-4C37-92BB-FCECFD3DC0F6}.AppStore|iPhoneSimulator.ActiveCfg = Release|Any CPU
		{356598DC-BB9A-4C37-92BB-FCECFD3DC0F6}.AppStore|iPhoneSimulator.Build.0 = Release|Any CPU
		{356598DC-BB9A-4C37-92BB-FCECFD3DC0F6}.AppStore|x64.ActiveCfg = Release|Any CPU
		{356598DC-BB9A-4C37-92BB-FCECFD3DC0F6}.AppStore|x64.Build.0 = Release|Any CPU
		{356598DC-BB9A-4C37-92BB-FCECFD3DC0F6}.AppStore|x86.ActiveCfg = Release|Any CPU
		{356598DC-BB9A-4C37-92BB-FCECFD3DC0F6}.AppStore|x86.Build.0 = Release|Any CPU
		{356598DC-BB9A-4C37-92BB-FCECFD3DC0F6}.Debug|Any CPU.ActiveCfg = Debug|Any CPU
		{356598DC-BB9A-4C37-92BB-FCECFD3DC0F6}.Debug|Any CPU.Build.0 = Debug|Any CPU
		{356598DC-BB9A-4C37-92BB-FCECFD3DC0F6}.Debug|ARM.ActiveCfg = Debug|Any CPU
		{356598DC-BB9A-4C37-92BB-FCECFD3DC0F6}.Debug|ARM.Build.0 = Debug|Any CPU
		{356598DC-BB9A-4C37-92BB-FCECFD3DC0F6}.Debug|iPhone.ActiveCfg = Debug|Any CPU
		{356598DC-BB9A-4C37-92BB-FCECFD3DC0F6}.Debug|iPhone.Build.0 = Debug|Any CPU
		{356598DC-BB9A-4C37-92BB-FCECFD3DC0F6}.Debug|iPhoneSimulator.ActiveCfg = Debug|Any CPU
		{356598DC-BB9A-4C37-92BB-FCECFD3DC0F6}.Debug|iPhoneSimulator.Build.0 = Debug|Any CPU
		{356598DC-BB9A-4C37-92BB-FCECFD3DC0F6}.Debug|x64.ActiveCfg = Debug|Any CPU
		{356598DC-BB9A-4C37-92BB-FCECFD3DC0F6}.Debug|x64.Build.0 = Debug|Any CPU
		{356598DC-BB9A-4C37-92BB-FCECFD3DC0F6}.Debug|x86.ActiveCfg = Debug|Any CPU
		{356598DC-BB9A-4C37-92BB-FCECFD3DC0F6}.Debug|x86.Build.0 = Debug|Any CPU
		{356598DC-BB9A-4C37-92BB-FCECFD3DC0F6}.Release|Any CPU.ActiveCfg = Release|Any CPU
		{356598DC-BB9A-4C37-92BB-FCECFD3DC0F6}.Release|Any CPU.Build.0 = Release|Any CPU
		{356598DC-BB9A-4C37-92BB-FCECFD3DC0F6}.Release|ARM.ActiveCfg = Release|Any CPU
		{356598DC-BB9A-4C37-92BB-FCECFD3DC0F6}.Release|ARM.Build.0 = Release|Any CPU
		{356598DC-BB9A-4C37-92BB-FCECFD3DC0F6}.Release|iPhone.ActiveCfg = Release|Any CPU
		{356598DC-BB9A-4C37-92BB-FCECFD3DC0F6}.Release|iPhone.Build.0 = Release|Any CPU
		{356598DC-BB9A-4C37-92BB-FCECFD3DC0F6}.Release|iPhoneSimulator.ActiveCfg = Release|Any CPU
		{356598DC-BB9A-4C37-92BB-FCECFD3DC0F6}.Release|iPhoneSimulator.Build.0 = Release|Any CPU
		{356598DC-BB9A-4C37-92BB-FCECFD3DC0F6}.Release|x64.ActiveCfg = Release|Any CPU
		{356598DC-BB9A-4C37-92BB-FCECFD3DC0F6}.Release|x64.Build.0 = Release|Any CPU
		{356598DC-BB9A-4C37-92BB-FCECFD3DC0F6}.Release|x86.ActiveCfg = Release|Any CPU
		{356598DC-BB9A-4C37-92BB-FCECFD3DC0F6}.Release|x86.Build.0 = Release|Any CPU
		{2C8B73D1-2992-491A-9BBD-D7502DDD0B81}.Ad-Hoc|Any CPU.ActiveCfg = Release|x86
		{2C8B73D1-2992-491A-9BBD-D7502DDD0B81}.Ad-Hoc|Any CPU.Build.0 = Release|x86
		{2C8B73D1-2992-491A-9BBD-D7502DDD0B81}.Ad-Hoc|Any CPU.Deploy.0 = Release|x86
		{2C8B73D1-2992-491A-9BBD-D7502DDD0B81}.Ad-Hoc|ARM.ActiveCfg = Release|ARM
		{2C8B73D1-2992-491A-9BBD-D7502DDD0B81}.Ad-Hoc|ARM.Build.0 = Release|ARM
		{2C8B73D1-2992-491A-9BBD-D7502DDD0B81}.Ad-Hoc|ARM.Deploy.0 = Release|ARM
		{2C8B73D1-2992-491A-9BBD-D7502DDD0B81}.Ad-Hoc|iPhone.ActiveCfg = Release|x86
		{2C8B73D1-2992-491A-9BBD-D7502DDD0B81}.Ad-Hoc|iPhone.Build.0 = Release|x86
		{2C8B73D1-2992-491A-9BBD-D7502DDD0B81}.Ad-Hoc|iPhone.Deploy.0 = Release|x86
		{2C8B73D1-2992-491A-9BBD-D7502DDD0B81}.Ad-Hoc|iPhoneSimulator.ActiveCfg = Release|x86
		{2C8B73D1-2992-491A-9BBD-D7502DDD0B81}.Ad-Hoc|iPhoneSimulator.Build.0 = Release|x86
		{2C8B73D1-2992-491A-9BBD-D7502DDD0B81}.Ad-Hoc|iPhoneSimulator.Deploy.0 = Release|x86
		{2C8B73D1-2992-491A-9BBD-D7502DDD0B81}.Ad-Hoc|x64.ActiveCfg = Release|x64
		{2C8B73D1-2992-491A-9BBD-D7502DDD0B81}.Ad-Hoc|x64.Build.0 = Release|x64
		{2C8B73D1-2992-491A-9BBD-D7502DDD0B81}.Ad-Hoc|x64.Deploy.0 = Release|x64
		{2C8B73D1-2992-491A-9BBD-D7502DDD0B81}.Ad-Hoc|x86.ActiveCfg = Release|x86
		{2C8B73D1-2992-491A-9BBD-D7502DDD0B81}.Ad-Hoc|x86.Build.0 = Release|x86
		{2C8B73D1-2992-491A-9BBD-D7502DDD0B81}.Ad-Hoc|x86.Deploy.0 = Release|x86
		{2C8B73D1-2992-491A-9BBD-D7502DDD0B81}.AppStore|Any CPU.ActiveCfg = Release|x86
		{2C8B73D1-2992-491A-9BBD-D7502DDD0B81}.AppStore|Any CPU.Build.0 = Release|x86
		{2C8B73D1-2992-491A-9BBD-D7502DDD0B81}.AppStore|Any CPU.Deploy.0 = Release|x86
		{2C8B73D1-2992-491A-9BBD-D7502DDD0B81}.AppStore|ARM.ActiveCfg = Release|ARM
		{2C8B73D1-2992-491A-9BBD-D7502DDD0B81}.AppStore|ARM.Build.0 = Release|ARM
		{2C8B73D1-2992-491A-9BBD-D7502DDD0B81}.AppStore|ARM.Deploy.0 = Release|ARM
		{2C8B73D1-2992-491A-9BBD-D7502DDD0B81}.AppStore|iPhone.ActiveCfg = Release|x86
		{2C8B73D1-2992-491A-9BBD-D7502DDD0B81}.AppStore|iPhone.Build.0 = Release|x86
		{2C8B73D1-2992-491A-9BBD-D7502DDD0B81}.AppStore|iPhone.Deploy.0 = Release|x86
		{2C8B73D1-2992-491A-9BBD-D7502DDD0B81}.AppStore|iPhoneSimulator.ActiveCfg = Release|x86
		{2C8B73D1-2992-491A-9BBD-D7502DDD0B81}.AppStore|iPhoneSimulator.Build.0 = Release|x86
		{2C8B73D1-2992-491A-9BBD-D7502DDD0B81}.AppStore|iPhoneSimulator.Deploy.0 = Release|x86
		{2C8B73D1-2992-491A-9BBD-D7502DDD0B81}.AppStore|x64.ActiveCfg = Release|x64
		{2C8B73D1-2992-491A-9BBD-D7502DDD0B81}.AppStore|x64.Build.0 = Release|x64
		{2C8B73D1-2992-491A-9BBD-D7502DDD0B81}.AppStore|x64.Deploy.0 = Release|x64
		{2C8B73D1-2992-491A-9BBD-D7502DDD0B81}.AppStore|x86.ActiveCfg = Release|x86
		{2C8B73D1-2992-491A-9BBD-D7502DDD0B81}.AppStore|x86.Build.0 = Release|x86
		{2C8B73D1-2992-491A-9BBD-D7502DDD0B81}.AppStore|x86.Deploy.0 = Release|x86
		{2C8B73D1-2992-491A-9BBD-D7502DDD0B81}.Debug|Any CPU.ActiveCfg = Debug|x86
		{2C8B73D1-2992-491A-9BBD-D7502DDD0B81}.Debug|ARM.ActiveCfg = Debug|ARM
		{2C8B73D1-2992-491A-9BBD-D7502DDD0B81}.Debug|ARM.Build.0 = Debug|ARM
		{2C8B73D1-2992-491A-9BBD-D7502DDD0B81}.Debug|ARM.Deploy.0 = Debug|ARM
		{2C8B73D1-2992-491A-9BBD-D7502DDD0B81}.Debug|iPhone.ActiveCfg = Debug|x86
		{2C8B73D1-2992-491A-9BBD-D7502DDD0B81}.Debug|iPhoneSimulator.ActiveCfg = Debug|x86
		{2C8B73D1-2992-491A-9BBD-D7502DDD0B81}.Debug|x64.ActiveCfg = Debug|x64
		{2C8B73D1-2992-491A-9BBD-D7502DDD0B81}.Debug|x64.Build.0 = Debug|x64
		{2C8B73D1-2992-491A-9BBD-D7502DDD0B81}.Debug|x64.Deploy.0 = Debug|x64
		{2C8B73D1-2992-491A-9BBD-D7502DDD0B81}.Debug|x86.ActiveCfg = Debug|x86
		{2C8B73D1-2992-491A-9BBD-D7502DDD0B81}.Debug|x86.Build.0 = Debug|x86
		{2C8B73D1-2992-491A-9BBD-D7502DDD0B81}.Debug|x86.Deploy.0 = Debug|x86
		{2C8B73D1-2992-491A-9BBD-D7502DDD0B81}.Release|Any CPU.ActiveCfg = Release|x86
		{2C8B73D1-2992-491A-9BBD-D7502DDD0B81}.Release|ARM.ActiveCfg = Release|ARM
		{2C8B73D1-2992-491A-9BBD-D7502DDD0B81}.Release|ARM.Build.0 = Release|ARM
		{2C8B73D1-2992-491A-9BBD-D7502DDD0B81}.Release|ARM.Deploy.0 = Release|ARM
		{2C8B73D1-2992-491A-9BBD-D7502DDD0B81}.Release|iPhone.ActiveCfg = Release|x86
		{2C8B73D1-2992-491A-9BBD-D7502DDD0B81}.Release|iPhoneSimulator.ActiveCfg = Release|x86
		{2C8B73D1-2992-491A-9BBD-D7502DDD0B81}.Release|x64.ActiveCfg = Release|x64
		{2C8B73D1-2992-491A-9BBD-D7502DDD0B81}.Release|x64.Build.0 = Release|x64
		{2C8B73D1-2992-491A-9BBD-D7502DDD0B81}.Release|x64.Deploy.0 = Release|x64
		{2C8B73D1-2992-491A-9BBD-D7502DDD0B81}.Release|x86.ActiveCfg = Release|x86
		{2C8B73D1-2992-491A-9BBD-D7502DDD0B81}.Release|x86.Build.0 = Release|x86
		{2C8B73D1-2992-491A-9BBD-D7502DDD0B81}.Release|x86.Deploy.0 = Release|x86
		{48F0EE8B-1977-41C3-954B-4E0999490FDC}.Ad-Hoc|Any CPU.ActiveCfg = Ad-Hoc|iPhone
		{48F0EE8B-1977-41C3-954B-4E0999490FDC}.Ad-Hoc|ARM.ActiveCfg = Ad-Hoc|iPhone
		{48F0EE8B-1977-41C3-954B-4E0999490FDC}.Ad-Hoc|iPhone.ActiveCfg = Ad-Hoc|iPhone
		{48F0EE8B-1977-41C3-954B-4E0999490FDC}.Ad-Hoc|iPhone.Build.0 = Ad-Hoc|iPhone
		{48F0EE8B-1977-41C3-954B-4E0999490FDC}.Ad-Hoc|iPhoneSimulator.ActiveCfg = Ad-Hoc|iPhoneSimulator
		{48F0EE8B-1977-41C3-954B-4E0999490FDC}.Ad-Hoc|iPhoneSimulator.Build.0 = Ad-Hoc|iPhoneSimulator
		{48F0EE8B-1977-41C3-954B-4E0999490FDC}.Ad-Hoc|x64.ActiveCfg = Ad-Hoc|iPhone
		{48F0EE8B-1977-41C3-954B-4E0999490FDC}.Ad-Hoc|x86.ActiveCfg = Ad-Hoc|iPhone
		{48F0EE8B-1977-41C3-954B-4E0999490FDC}.AppStore|Any CPU.ActiveCfg = AppStore|iPhone
		{48F0EE8B-1977-41C3-954B-4E0999490FDC}.AppStore|ARM.ActiveCfg = AppStore|iPhone
		{48F0EE8B-1977-41C3-954B-4E0999490FDC}.AppStore|iPhone.ActiveCfg = AppStore|iPhone
		{48F0EE8B-1977-41C3-954B-4E0999490FDC}.AppStore|iPhone.Build.0 = AppStore|iPhone
		{48F0EE8B-1977-41C3-954B-4E0999490FDC}.AppStore|iPhoneSimulator.ActiveCfg = AppStore|iPhoneSimulator
		{48F0EE8B-1977-41C3-954B-4E0999490FDC}.AppStore|iPhoneSimulator.Build.0 = AppStore|iPhoneSimulator
		{48F0EE8B-1977-41C3-954B-4E0999490FDC}.AppStore|x64.ActiveCfg = AppStore|iPhone
		{48F0EE8B-1977-41C3-954B-4E0999490FDC}.AppStore|x86.ActiveCfg = AppStore|iPhone
		{48F0EE8B-1977-41C3-954B-4E0999490FDC}.Debug|Any CPU.ActiveCfg = Debug|iPhone
		{48F0EE8B-1977-41C3-954B-4E0999490FDC}.Debug|ARM.ActiveCfg = Debug|iPhone
		{48F0EE8B-1977-41C3-954B-4E0999490FDC}.Debug|iPhone.ActiveCfg = Debug|iPhone
		{48F0EE8B-1977-41C3-954B-4E0999490FDC}.Debug|iPhone.Build.0 = Debug|iPhone
		{48F0EE8B-1977-41C3-954B-4E0999490FDC}.Debug|iPhoneSimulator.ActiveCfg = Debug|iPhoneSimulator
		{48F0EE8B-1977-41C3-954B-4E0999490FDC}.Debug|iPhoneSimulator.Build.0 = Debug|iPhoneSimulator
		{48F0EE8B-1977-41C3-954B-4E0999490FDC}.Debug|x64.ActiveCfg = Debug|iPhone
		{48F0EE8B-1977-41C3-954B-4E0999490FDC}.Debug|x86.ActiveCfg = Debug|iPhone
		{48F0EE8B-1977-41C3-954B-4E0999490FDC}.Release|Any CPU.ActiveCfg = Release|iPhone
		{48F0EE8B-1977-41C3-954B-4E0999490FDC}.Release|ARM.ActiveCfg = Release|iPhone
		{48F0EE8B-1977-41C3-954B-4E0999490FDC}.Release|iPhone.ActiveCfg = Release|iPhone
		{48F0EE8B-1977-41C3-954B-4E0999490FDC}.Release|iPhone.Build.0 = Release|iPhone
		{48F0EE8B-1977-41C3-954B-4E0999490FDC}.Release|iPhoneSimulator.ActiveCfg = Release|iPhoneSimulator
		{48F0EE8B-1977-41C3-954B-4E0999490FDC}.Release|iPhoneSimulator.Build.0 = Release|iPhoneSimulator
		{48F0EE8B-1977-41C3-954B-4E0999490FDC}.Release|x64.ActiveCfg = Release|iPhone
		{48F0EE8B-1977-41C3-954B-4E0999490FDC}.Release|x86.ActiveCfg = Release|iPhone
	EndGlobalSection
	GlobalSection(SolutionProperties) = preSolution
		HideSolutionNode = FALSE
	EndGlobalSection
EndGlobal
